
Microsoft Visual Studio Solution File, Format Version 12.00
# Visual Studio Version 17
VisualStudioVersion = 17.2.32630.192
MinimumVisualStudioVersion = 10.0.40219.1
Project("{9A19103F-16F7-4668-BE54-9A1E7A4F7556}") = "API_mokymai", "API_mokymai.csproj", "{D5C5AF3C-3B5C-4AC1-B3E3-FD9BF4686D4F}"
EndProject
Project("{2150E333-8FDC-42A3-9474-1A3956D46DE8}") = "tests", "tests", "{85634872-C20F-427F-A2E5-6BE94844304E}"
EndProject
Project("{9A19103F-16F7-4668-BE54-9A1E7A4F7556}") = "CarApiAiskinimasTests", "..\CarApiAiskinimasTests\CarApiAiskinimasTests.csproj", "{EC010398-0915-445E-BA7B-7633958EAD8D}"
EndProject
Project("{9A19103F-16F7-4668-BE54-9A1E7A4F7556}") = "CarApiAiskinimas", "..\CarApiAiskinimas\CarApiAiskinimas.csproj", "{4DFDA84E-40F5-4E6E-B13D-D0045013B120}"
EndProject
Project("{9A19103F-16F7-4668-BE54-9A1E7A4F7556}") = "P04_EF_Applying_To_API", "..\P04_EF_Applying_To_API\P04_EF_Applying_To_API.csproj", "{377CCB64-648C-48CA-90D7-DAFF5AEC3656}"
EndProject
Project("{9A19103F-16F7-4668-BE54-9A1E7A4F7556}") = "BookApiTests", "..\BookApiTests\BookApiTests.csproj", "{11DFB516-A9CB-426C-A94C-9957D8CD8929}"
EndProject
Project("{9A19103F-16F7-4668-BE54-9A1E7A4F7556}") = "P04_EF_Tests", "..\P04_EF_Tests\P04_EF_Tests.csproj", "{B63FE3B0-1F35-466C-8E94-B29A8B167B4B}"
EndProject
Project("{FAE04EC0-301F-11D3-BF4B-00C04F79EFBC}") = "Git_Example_Project", "..\Git_Example_Project\Git_Example_Project.csproj", "{2671233F-CEED-4A83-88BB-A69E46F16843}"
EndProject
Global
	GlobalSection(SolutionConfigurationPlatforms) = preSolution
		Debug|Any CPU = Debug|Any CPU
		Release|Any CPU = Release|Any CPU
	EndGlobalSection
	GlobalSection(ProjectConfigurationPlatforms) = postSolution
		{D5C5AF3C-3B5C-4AC1-B3E3-FD9BF4686D4F}.Debug|Any CPU.ActiveCfg = Debug|Any CPU
		{D5C5AF3C-3B5C-4AC1-B3E3-FD9BF4686D4F}.Debug|Any CPU.Build.0 = Debug|Any CPU
		{D5C5AF3C-3B5C-4AC1-B3E3-FD9BF4686D4F}.Release|Any CPU.ActiveCfg = Release|Any CPU
		{D5C5AF3C-3B5C-4AC1-B3E3-FD9BF4686D4F}.Release|Any CPU.Build.0 = Release|Any CPU
		{EC010398-0915-445E-BA7B-7633958EAD8D}.Debug|Any CPU.ActiveCfg = Debug|Any CPU
		{EC010398-0915-445E-BA7B-7633958EAD8D}.Debug|Any CPU.Build.0 = Debug|Any CPU
		{EC010398-0915-445E-BA7B-7633958EAD8D}.Release|Any CPU.ActiveCfg = Release|Any CPU
		{EC010398-0915-445E-BA7B-7633958EAD8D}.Release|Any CPU.Build.0 = Release|Any CPU
		{4DFDA84E-40F5-4E6E-B13D-D0045013B120}.Debug|Any CPU.ActiveCfg = Debug|Any CPU
		{4DFDA84E-40F5-4E6E-B13D-D0045013B120}.Debug|Any CPU.Build.0 = Debug|Any CPU
		{4DFDA84E-40F5-4E6E-B13D-D0045013B120}.Release|Any CPU.ActiveCfg = Release|Any CPU
		{4DFDA84E-40F5-4E6E-B13D-D0045013B120}.Release|Any CPU.Build.0 = Release|Any CPU
		{377CCB64-648C-48CA-90D7-DAFF5AEC3656}.Debug|Any CPU.ActiveCfg = Debug|Any CPU
		{377CCB64-648C-48CA-90D7-DAFF5AEC3656}.Debug|Any CPU.Build.0 = Debug|Any CPU
		{377CCB64-648C-48CA-90D7-DAFF5AEC3656}.Release|Any CPU.ActiveCfg = Release|Any CPU
		{377CCB64-648C-48CA-90D7-DAFF5AEC3656}.Release|Any CPU.Build.0 = Release|Any CPU
		{11DFB516-A9CB-426C-A94C-9957D8CD8929}.Debug|Any CPU.ActiveCfg = Debug|Any CPU
		{11DFB516-A9CB-426C-A94C-9957D8CD8929}.Debug|Any CPU.Build.0 = Debug|Any CPU
		{11DFB516-A9CB-426C-A94C-9957D8CD8929}.Release|Any CPU.ActiveCfg = Release|Any CPU
		{11DFB516-A9CB-426C-A94C-9957D8CD8929}.Release|Any CPU.Build.0 = Release|Any CPU
		{B63FE3B0-1F35-466C-8E94-B29A8B167B4B}.Debug|Any CPU.ActiveCfg = Debug|Any CPU
		{B63FE3B0-1F35-466C-8E94-B29A8B167B4B}.Debug|Any CPU.Build.0 = Debug|Any CPU
		{B63FE3B0-1F35-466C-8E94-B29A8B167B4B}.Release|Any CPU.ActiveCfg = Release|Any CPU
		{B63FE3B0-1F35-466C-8E94-B29A8B167B4B}.Release|Any CPU.Build.0 = Release|Any CPU
		{2671233F-CEED-4A83-88BB-A69E46F16843}.Debug|Any CPU.ActiveCfg = Debug|Any CPU
		{2671233F-CEED-4A83-88BB-A69E46F16843}.Debug|Any CPU.Build.0 = Debug|Any CPU
		{2671233F-CEED-4A83-88BB-A69E46F16843}.Release|Any CPU.ActiveCfg = Release|Any CPU
		{2671233F-CEED-4A83-88BB-A69E46F16843}.Release|Any CPU.Build.0 = Release|Any CPU
	EndGlobalSection
	GlobalSection(SolutionProperties) = preSolution
		HideSolutionNode = FALSE
	EndGlobalSection
	GlobalSection(NestedProjects) = preSolution
		{EC010398-0915-445E-BA7B-7633958EAD8D} = {85634872-C20F-427F-A2E5-6BE94844304E}
		{11DFB516-A9CB-426C-A94C-9957D8CD8929} = {85634872-C20F-427F-A2E5-6BE94844304E}
		{B63FE3B0-1F35-466C-8E94-B29A8B167B4B} = {85634872-C20F-427F-A2E5-6BE94844304E}
	EndGlobalSection
	GlobalSection(ExtensibilityGlobals) = postSolution
		SolutionGuid = {EEC18680-C307-48F0-B93E-FD42340FC329}
	EndGlobalSection
EndGlobal
